
Microsoft Visual Studio Solution File, Format Version 12.00
# Visual Studio Version 17
VisualStudioVersion = 17.14.36518.9
MinimumVisualStudioVersion = 10.0.40219.1
Project("{FAE04EC0-301F-11D3-BF4B-00C04F79EFBC}") = "LocalTransfer", "LocalTransfer.csproj", "{3358F566-F05D-4948-A531-E4B7C098BDDC}"
EndProject
Global
	GlobalSection(SolutionConfigurationPlatforms) = preSolution
		Debug|Any CPU = Debug|Any CPU
		Release|Any CPU = Release|Any CPU
	EndGlobalSection
	GlobalSection(ProjectConfigurationPlatforms) = postSolution
		{3358F566-F05D-4948-A531-E4B7C098BDDC}.Debug|Any CPU.ActiveCfg = Debug|Any CPU
		{3358F566-F05D-4948-A531-E4B7C098BDDC}.Debug|Any CPU.Build.0 = Debug|Any CPU
		{3358F566-F05D-4948-A531-E4B7C098BDDC}.Release|Any CPU.ActiveCfg = Release|Any CPU
		{3358F566-F05D-4948-A531-E4B7C098BDDC}.Release|Any CPU.Build.0 = Release|Any CPU
	EndGlobalSection
	GlobalSection(SolutionProperties) = preSolution
		HideSolutionNode = FALSE
	EndGlobalSection
	GlobalSection(ExtensibilityGlobals) = postSolution
		SolutionGuid = {BBE0FB7C-F8DE-48C5-B2CF-7A309CBEBA92}
	EndGlobalSection
EndGlobal
